
Microsoft Visual Studio Solution File, Format Version 12.00
# Visual Studio 2012
Project("{FAE04EC0-301F-11D3-BF4B-00C04F79EFBC}") = "Xevenshtein.Pcl", "Xevenshtein.Pcl\Xevenshtein.Pcl.csproj", "{54E26E8E-4DFB-472E-A731-2CA5B688B30C}"
EndProject
Project("{FAE04EC0-301F-11D3-BF4B-00C04F79EFBC}") = "Xevenshtein.Droid", "Xevenshtein.Droid\Xevenshtein.Droid.csproj", "{CE34CB8C-E86A-4430-AC2A-89EF0D40641B}"
EndProject
Global
	GlobalSection(SolutionConfigurationPlatforms) = preSolution
		Debug|Any CPU = Debug|Any CPU
		Release|Any CPU = Release|Any CPU
	EndGlobalSection
	GlobalSection(ProjectConfigurationPlatforms) = postSolution
		{54E26E8E-4DFB-472E-A731-2CA5B688B30C}.Debug|Any CPU.ActiveCfg = Debug|Any CPU
		{54E26E8E-4DFB-472E-A731-2CA5B688B30C}.Debug|Any CPU.Build.0 = Debug|Any CPU
		{54E26E8E-4DFB-472E-A731-2CA5B688B30C}.Release|Any CPU.ActiveCfg = Release|Any CPU
		{54E26E8E-4DFB-472E-A731-2CA5B688B30C}.Release|Any CPU.Build.0 = Release|Any CPU
		{CE34CB8C-E86A-4430-AC2A-89EF0D40641B}.Debug|Any CPU.ActiveCfg = Debug|Any CPU
		{CE34CB8C-E86A-4430-AC2A-89EF0D40641B}.Debug|Any CPU.Build.0 = Debug|Any CPU
		{CE34CB8C-E86A-4430-AC2A-89EF0D40641B}.Release|Any CPU.ActiveCfg = Release|Any CPU
		{CE34CB8C-E86A-4430-AC2A-89EF0D40641B}.Release|Any CPU.Build.0 = Release|Any CPU
	EndGlobalSection
EndGlobal
